// !$*UTF8*$!
{
	archiveVersion = 1;
	classes = {
	};
	objectVersion = 55;
	objects = {

/* Begin PBXBuildFile section */
		3E0155552830026100DB379D /* DetailViewController.swift in Sources */ = {isa = PBXBuildFile; fileRef = 3E0155542830026100DB379D /* DetailViewController.swift */; };
		3E015557283002B600DB379D /* SeriesCharacter.swift in Sources */ = {isa = PBXBuildFile; fileRef = 3E015556283002B600DB379D /* SeriesCharacter.swift */; };
		3E4A68A6282F3BD300702838 /* AppDelegate.swift in Sources */ = {isa = PBXBuildFile; fileRef = 3E4A68A5282F3BD300702838 /* AppDelegate.swift */; };
		3E4A68A8282F3BD300702838 /* SceneDelegate.swift in Sources */ = {isa = PBXBuildFile; fileRef = 3E4A68A7282F3BD300702838 /* SceneDelegate.swift */; };
		3E4A68AA282F3BD300702838 /* ViewController.swift in Sources */ = {isa = PBXBuildFile; fileRef = 3E4A68A9282F3BD300702838 /* ViewController.swift */; };
		3E4A68AD282F3BD300702838 /* Main.storyboard in Resources */ = {isa = PBXBuildFile; fileRef = 3E4A68AB282F3BD300702838 /* Main.storyboard */; };
		3E4A68AF282F3BD400702838 /* Assets.xcassets in Resources */ = {isa = PBXBuildFile; fileRef = 3E4A68AE282F3BD400702838 /* Assets.xcassets */; };
		3E4A68B2282F3BD400702838 /* LaunchScreen.storyboard in Resources */ = {isa = PBXBuildFile; fileRef = 3E4A68B0282F3BD400702838 /* LaunchScreen.storyboard */; };
		3E4A68BA282F3BE100702838 /* ConnectionValidator.swift in Sources */ = {isa = PBXBuildFile; fileRef = 3E4A68B9282F3BE100702838 /* ConnectionValidator.swift */; };
		3E4A68BD282F3C1800702838 /* Network.framework in Frameworks */ = {isa = PBXBuildFile; fileRef = 3E4A68BC282F3C1800702838 /* Network.framework */; };
/* End PBXBuildFile section */

/* Begin PBXFileReference section */
		3E0155542830026100DB379D /* DetailViewController.swift */ = {isa = PBXFileReference; lastKnownFileType = sourcecode.swift; path = DetailViewController.swift; sourceTree = "<group>"; };
		3E015556283002B600DB379D /* SeriesCharacter.swift */ = {isa = PBXFileReference; lastKnownFileType = sourcecode.swift; path = SeriesCharacter.swift; sourceTree = "<group>"; };
		3E4A68A2282F3BD300702838 /* NetworkingDemo.app */ = {isa = PBXFileReference; explicitFileType = wrapper.application; includeInIndex = 0; path = NetworkingDemo.app; sourceTree = BUILT_PRODUCTS_DIR; };
		3E4A68A5282F3BD300702838 /* AppDelegate.swift */ = {isa = PBXFileReference; lastKnownFileType = sourcecode.swift; path = AppDelegate.swift; sourceTree = "<group>"; };
		3E4A68A7282F3BD300702838 /* SceneDelegate.swift */ = {isa = PBXFileReference; lastKnownFileType = sourcecode.swift; path = SceneDelegate.swift; sourceTree = "<group>"; };
		3E4A68A9282F3BD300702838 /* ViewController.swift */ = {isa = PBXFileReference; lastKnownFileType = sourcecode.swift; path = ViewController.swift; sourceTree = "<group>"; };
		3E4A68AC282F3BD300702838 /* Base */ = {isa = PBXFileReference; lastKnownFileType = file.storyboard; name = Base; path = Base.lproj/Main.storyboard; sourceTree = "<group>"; };
		3E4A68AE282F3BD400702838 /* Assets.xcassets */ = {isa = PBXFileReference; lastKnownFileType = folder.assetcatalog; path = Assets.xcassets; sourceTree = "<group>"; };
		3E4A68B1282F3BD400702838 /* Base */ = {isa = PBXFileReference; lastKnownFileType = file.storyboard; name = Base; path = Base.lproj/LaunchScreen.storyboard; sourceTree = "<group>"; };
		3E4A68B3282F3BD400702838 /* Info.plist */ = {isa = PBXFileReference; lastKnownFileType = text.plist.xml; path = Info.plist; sourceTree = "<group>"; };
		3E4A68B9282F3BE100702838 /* ConnectionValidator.swift */ = {isa = PBXFileReference; lastKnownFileType = sourcecode.swift; path = ConnectionValidator.swift; sourceTree = "<group>"; };
		3E4A68BC282F3C1800702838 /* Network.framework */ = {isa = PBXFileReference; lastKnownFileType = wrapper.framework; name = Network.framework; path = System/Library/Frameworks/Network.framework; sourceTree = SDKROOT; };
/* End PBXFileReference section */

/* Begin PBXFrameworksBuildPhase section */
		3E4A689F282F3BD300702838 /* Frameworks */ = {
			isa = PBXFrameworksBuildPhase;
			buildActionMask = 2147483647;
			files = (
				3E4A68BD282F3C1800702838 /* Network.framework in Frameworks */,
			);
			runOnlyForDeploymentPostprocessing = 0;
		};
/* End PBXFrameworksBuildPhase section */

/* Begin PBXGroup section */
		3E4A6899282F3BD300702838 = {
			isa = PBXGroup;
			children = (
				3E4A68A4282F3BD300702838 /* NetworkingDemo */,
				3E4A68A3282F3BD300702838 /* Products */,
				3E4A68BB282F3C1800702838 /* Frameworks */,
			);
			sourceTree = "<group>";
		};
		3E4A68A3282F3BD300702838 /* Products */ = {
			isa = PBXGroup;
			children = (
				3E4A68A2282F3BD300702838 /* NetworkingDemo.app */,
			);
			name = Products;
			sourceTree = "<group>";
		};
		3E4A68A4282F3BD300702838 /* NetworkingDemo */ = {
			isa = PBXGroup;
			children = (
				3E4A68A5282F3BD300702838 /* AppDelegate.swift */,
				3E4A68A7282F3BD300702838 /* SceneDelegate.swift */,
				3E4A68A9282F3BD300702838 /* ViewController.swift */,
				3E4A68B9282F3BE100702838 /* ConnectionValidator.swift */,
				3E4A68AB282F3BD300702838 /* Main.storyboard */,
				3E4A68AE282F3BD400702838 /* Assets.xcassets */,
				3E4A68B0282F3BD400702838 /* LaunchScreen.storyboard */,
				3E4A68B3282F3BD400702838 /* Info.plist */,
				3E0155542830026100DB379D /* DetailViewController.swift */,
				3E015556283002B600DB379D /* SeriesCharacter.swift */,
			);
			path = NetworkingDemo;
			sourceTree = "<group>";
		};
		3E4A68BB282F3C1800702838 /* Frameworks */ = {
			isa = PBXGroup;
			children = (
				3E4A68BC282F3C1800702838 /* Network.framework */,
			);
			name = Frameworks;
			sourceTree = "<group>";
		};
/* End PBXGroup section */

/* Begin PBXNativeTarget section */
		3E4A68A1282F3BD300702838 /* NetworkingDemo */ = {
			isa = PBXNativeTarget;
			buildConfigurationList = 3E4A68B6282F3BD400702838 /* Build configuration list for PBXNativeTarget "NetworkingDemo" */;
			buildPhases = (
				3E4A689E282F3BD300702838 /* Sources */,
				3E4A689F282F3BD300702838 /* Frameworks */,
				3E4A68A0282F3BD300702838 /* Resources */,
			);
			buildRules = (
			);
			dependencies = (
			);
			name = NetworkingDemo;
			productName = NetworkingDemo;
			productReference = 3E4A68A2282F3BD300702838 /* NetworkingDemo.app */;
			productType = "com.apple.product-type.application";
		};
/* End PBXNativeTarget section */

/* Begin PBXProject section */
		3E4A689A282F3BD300702838 /* Project object */ = {
			isa = PBXProject;
			attributes = {
				BuildIndependentTargetsInParallel = 1;
				LastSwiftUpdateCheck = 1330;
				LastUpgradeCheck = 1330;
				TargetAttributes = {
					3E4A68A1282F3BD300702838 = {
						CreatedOnToolsVersion = 13.3.1;
					};
				};
			};
			buildConfigurationList = 3E4A689D282F3BD300702838 /* Build configuration list for PBXProject "NetworkingDemo" */;
			compatibilityVersion = "Xcode 13.0";
			developmentRegion = en;
			hasScannedForEncodings = 0;
			knownRegions = (
				en,
				Base,
			);
			mainGroup = 3E4A6899282F3BD300702838;
			productRefGroup = 3E4A68A3282F3BD300702838 /* Products */;
			projectDirPath = "";
			projectRoot = "";
			targets = (
				3E4A68A1282F3BD300702838 /* NetworkingDemo */,
			);
		};
/* End PBXProject section */

/* Begin PBXResourcesBuildPhase section */
		3E4A68A0282F3BD300702838 /* Resources */ = {
			isa = PBXResourcesBuildPhase;
			buildActionMask = 2147483647;
			files = (
				3E4A68B2282F3BD400702838 /* LaunchScreen.storyboard in Resources */,
				3E4A68AF282F3BD400702838 /* Assets.xcassets in Resources */,
				3E4A68AD282F3BD300702838 /* Main.storyboard in Resources */,
			);
			runOnlyForDeploymentPostprocessing = 0;
		};
/* End PBXResourcesBuildPhase section */

/* Begin PBXSourcesBuildPhase section */
		3E4A689E282F3BD300702838 /* Sources */ = {
			isa = PBXSourcesBuildPhase;
			buildActionMask = 2147483647;
			files = (
				3E015557283002B600DB379D /* SeriesCharacter.swift in Sources */,
				3E4A68AA282F3BD300702838 /* ViewController.swift in Sources */,
				3E4A68A6282F3BD300702838 /* AppDelegate.swift in Sources */,
				3E0155552830026100DB379D /* DetailViewController.swift in Sources */,
				3E4A68BA282F3BE100702838 /* ConnectionValidator.swift in Sources */,
				3E4A68A8282F3BD300702838 /* SceneDelegate.swift in Sources */,
			);
			runOnlyForDeploymentPostprocessing = 0;
		};
/* End PBXSourcesBuildPhase section */

/* Begin PBXVariantGroup section */
		3E4A68AB282F3BD300702838 /* Main.storyboard */ = {
			isa = PBXVariantGroup;
			children = (
				3E4A68AC282F3BD300702838 /* Base */,
			);
			name = Main.storyboard;
			sourceTree = "<group>";
		};
		3E4A68B0282F3BD400702838 /* LaunchScreen.storyboard */ = {
			isa = PBXVariantGroup;
			children = (
				3E4A68B1282F3BD400702838 /* Base */,
			);
			name = LaunchScreen.storyboard;
			sourceTree = "<group>";
		};
/* End PBXVariantGroup section */

/* Begin XCBuildConfiguration section */
		3E4A68B4282F3BD400702838 /* Debug */ = {
			isa = XCBuildConfiguration;
			buildSettings = {
				ALWAYS_SEARCH_USER_PATHS = NO;
				CLANG_ANALYZER_NONNULL = YES;
				CLANG_ANALYZER_NUMBER_OBJECT_CONVERSION = YES_AGGRESSIVE;
				CLANG_CXX_LANGUAGE_STANDARD = "gnu++17";
				CLANG_ENABLE_MODULES = YES;
				CLANG_ENABLE_OBJC_ARC = YES;
				CLANG_ENABLE_OBJC_WEAK = YES;
				CLANG_WARN_BLOCK_CAPTURE_AUTORELEASING = YES;
				CLANG_WARN_BOOL_CONVERSION = YES;
				CLANG_WARN_COMMA = YES;
				CLANG_WARN_CONSTANT_CONVERSION = YES;
				CLANG_WARN_DEPRECATED_OBJC_IMPLEMENTATIONS = YES;
				CLANG_WARN_DIRECT_OBJC_ISA_USAGE = YES_ERROR;
				CLANG_WARN_DOCUMENTATION_COMMENTS = YES;
				CLANG_WARN_EMPTY_BODY = YES;
				CLANG_WARN_ENUM_CONVERSION = YES;
				CLANG_WARN_INFINITE_RECURSION = YES;
				CLANG_WARN_INT_CONVERSION = YES;
				CLANG_WARN_NON_LITERAL_NULL_CONVERSION = YES;
				CLANG_WARN_OBJC_IMPLICIT_RETAIN_SELF = YES;
				CLANG_WARN_OBJC_LITERAL_CONVERSION = YES;
				CLANG_WARN_OBJC_ROOT_CLASS = YES_ERROR;
				CLANG_WARN_QUOTED_INCLUDE_IN_FRAMEWORK_HEADER = YES;
				CLANG_WARN_RANGE_LOOP_ANALYSIS = YES;
				CLANG_WARN_STRICT_PROTOTYPES = YES;
				CLANG_WARN_SUSPICIOUS_MOVE = YES;
				CLANG_WARN_UNGUARDED_AVAILABILITY = YES_AGGRESSIVE;
				CLANG_WARN_UNREACHABLE_CODE = YES;
				CLANG_WARN__DUPLICATE_METHOD_MATCH = YES;
				COPY_PHASE_STRIP = NO;
				DEBUG_INFORMATION_FORMAT = dwarf;
				ENABLE_STRICT_OBJC_MSGSEND = YES;
				ENABLE_TESTABILITY = YES;
				GCC_C_LANGUAGE_STANDARD = gnu11;
				GCC_DYNAMIC_NO_PIC = NO;
				GCC_NO_COMMON_BLOCKS = YES;
				GCC_OPTIMIZATION_LEVEL = 0;
				GCC_PREPROCESSOR_DEFINITIONS = (
					"DEBUG=1",
					"$(inherited)",
				);
				GCC_WARN_64_TO_32_BIT_CONVERSION = YES;
				GCC_WARN_ABOUT_RETURN_TYPE = YES_ERROR;
				GCC_WARN_UNDECLARED_SELECTOR = YES;
				GCC_WARN_UNINITIALIZED_AUTOS = YES_AGGRESSIVE;
				GCC_WARN_UNUSED_FUNCTION = YES;
				GCC_WARN_UNUSED_VARIABLE = YES;
				IPHONEOS_DEPLOYMENT_TARGET = 15.4;
				MTL_ENABLE_DEBUG_INFO = INCLUDE_SOURCE;
				MTL_FAST_MATH = YES;
				ONLY_ACTIVE_ARCH = YES;
				SDKROOT = iphoneos;
				SWIFT_ACTIVE_COMPILATION_CONDITIONS = DEBUG;
				SWIFT_OPTIMIZATION_LEVEL = "-Onone";
			};
			name = Debug;
		};
		3E4A68B5282F3BD400702838 /* Release */ = {
			isa = XCBuildConfiguration;
			buildSettings = {
				ALWAYS_SEARCH_USER_PATHS = NO;
				CLANG_ANALYZER_NONNULL = YES;
				CLANG_ANALYZER_NUMBER_OBJECT_CONVERSION = YES_AGGRESSIVE;
				CLANG_CXX_LANGUAGE_STANDARD = "gnu++17";
				CLANG_ENABLE_MODULES = YES;
				CLANG_ENABLE_OBJC_ARC = YES;
				CLANG_ENABLE_OBJC_WEAK = YES;
				CLANG_WARN_BLOCK_CAPTURE_AUTORELEASING = YES;
				CLANG_WARN_BOOL_CONVERSION = YES;
				CLANG_WARN_COMMA = YES;
				CLANG_WARN_CONSTANT_CONVERSION = YES;
				CLANG_WARN_DEPRECATED_OBJC_IMPLEMENTATIONS = YES;
				CLANG_WARN_DIRECT_OBJC_ISA_USAGE = YES_ERROR;
				CLANG_WARN_DOCUMENTATION_COMMENTS = YES;
				CLANG_WARN_EMPTY_BODY = YES;
				CLANG_WARN_ENUM_CONVERSION = YES;
				CLANG_WARN_INFINITE_RECURSION = YES;
				CLANG_WARN_INT_CONVERSION = YES;
				CLANG_WARN_NON_LITERAL_NULL_CONVERSION = YES;
				CLANG_WARN_OBJC_IMPLICIT_RETAIN_SELF = YES;
				CLANG_WARN_OBJC_LITERAL_CONVERSION = YES;
				CLANG_WARN_OBJC_ROOT_CLASS = YES_ERROR;
				CLANG_WARN_QUOTED_INCLUDE_IN_FRAMEWORK_HEADER = YES;
				CLANG_WARN_RANGE_LOOP_ANALYSIS = YES;
				CLANG_WARN_STRICT_PROTOTYPES = YES;
				CLANG_WARN_SUSPICIOUS_MOVE = YES;
				CLANG_WARN_UNGUARDED_AVAILABILITY = YES_AGGRESSIVE;
				CLANG_WARN_UNREACHABLE_CODE = YES;
				CLANG_WARN__DUPLICATE_METHOD_MATCH = YES;
				COPY_PHASE_STRIP = NO;
				DEBUG_INFORMATION_FORMAT = "dwarf-with-dsym";
				ENABLE_NS_ASSERTIONS = NO;
				ENABLE_STRICT_OBJC_MSGSEND = YES;
				GCC_C_LANGUAGE_STANDARD = gnu11;
				GCC_NO_COMMON_BLOCKS = YES;
				GCC_WARN_64_TO_32_BIT_CONVERSION = YES;
				GCC_WARN_ABOUT_RETURN_TYPE = YES_ERROR;
				GCC_WARN_UNDECLARED_SELECTOR = YES;
				GCC_WARN_UNINITIALIZED_AUTOS = YES_AGGRESSIVE;
				GCC_WARN_UNUSED_FUNCTION = YES;
				GCC_WARN_UNUSED_VARIABLE = YES;
				IPHONEOS_DEPLOYMENT_TARGET = 15.4;
				MTL_ENABLE_DEBUG_INFO = NO;
				MTL_FAST_MATH = YES;
				SDKROOT = iphoneos;
				SWIFT_COMPILATION_MODE = wholemodule;
				SWIFT_OPTIMIZATION_LEVEL = "-O";
				VALIDATE_PRODUCT = YES;
			};
			name = Release;
		};
		3E4A68B7282F3BD400702838 /* Debug */ = {
			isa = XCBuildConfiguration;
			buildSettings = {
				ASSETCATALOG_COMPILER_APPICON_NAME = AppIcon;
				ASSETCATALOG_COMPILER_GLOBAL_ACCENT_COLOR_NAME = AccentColor;
				CODE_SIGN_STYLE = Automatic;
				CURRENT_PROJECT_VERSION = 1;
				DEVELOPMENT_TEAM = 7MZU8S6M42;
				GENERATE_INFOPLIST_FILE = YES;
				INFOPLIST_FILE = NetworkingDemo/Info.plist;
				INFOPLIST_KEY_UIApplicationSupportsIndirectInputEvents = YES;
				INFOPLIST_KEY_UILaunchStoryboardName = LaunchScreen;
				INFOPLIST_KEY_UIMainStoryboardFile = Main;
				INFOPLIST_KEY_UISupportedInterfaceOrientations_iPad = "UIInterfaceOrientationPortrait UIInterfaceOrientationPortraitUpsideDown UIInterfaceOrientationLandscapeLeft UIInterfaceOrientationLandscapeRight";
				INFOPLIST_KEY_UISupportedInterfaceOrientations_iPhone = "UIInterfaceOrientationPortrait UIInterfaceOrientationLandscapeLeft UIInterfaceOrientationLandscapeRight";
				LD_RUNPATH_SEARCH_PATHS = (
					"$(inherited)",
					"@executable_path/Frameworks",
				);
				MARKETING_VERSION = 1.0;
				PRODUCT_BUNDLE_IDENTIFIER = com.daniel.martinez.NetworkingDemo;
				PRODUCT_NAME = "$(TARGET_NAME)";
				SWIFT_EMIT_LOC_STRINGS = YES;
				SWIFT_VERSION = 5.0;
				TARGETED_DEVICE_FAMILY = "1,2";
			};
			name = Debug;
		};
		3E4A68B8282F3BD400702838 /* Release */ = {
			isa = XCBuildConfiguration;
			buildSettings = {
				ASSETCATALOG_COMPILER_APPICON_NAME = AppIcon;
				ASSETCATALOG_COMPILER_GLOBAL_ACCENT_COLOR_NAME = AccentColor;
				CODE_SIGN_STYLE = Automatic;
				CURRENT_PROJECT_VERSION = 1;
				DEVELOPMENT_TEAM = 7MZU8S6M42;
				GENERATE_INFOPLIST_FILE = YES;
				INFOPLIST_FILE = NetworkingDemo/Info.plist;
				INFOPLIST_KEY_UIApplicationSupportsIndirectInputEvents = YES;
				INFOPLIST_KEY_UILaunchStoryboardName = LaunchScreen;
				INFOPLIST_KEY_UIMainStoryboardFile = Main;
				INFOPLIST_KEY_UISupportedInterfaceOrientations_iPad = "UIInterfaceOrientationPortrait UIInterfaceOrientationPortraitUpsideDown UIInterfaceOrientationLandscapeLeft UIInterfaceOrientationLandscapeRight";
				INFOPLIST_KEY_UISupportedInterfaceOrientations_iPhone = "UIInterfaceOrientationPortrait UIInterfaceOrientationLandscapeLeft UIInterfaceOrientationLandscapeRight";
				LD_RUNPATH_SEARCH_PATHS = (
					"$(inherited)",
					"@executable_path/Frameworks",
				);
				MARKETING_VERSION = 1.0;
				PRODUCT_BUNDLE_IDENTIFIER = com.daniel.martinez.NetworkingDemo;
				PRODUCT_NAME = "$(TARGET_NAME)";
				SWIFT_EMIT_LOC_STRINGS = YES;
				SWIFT_VERSION = 5.0;
				TARGETED_DEVICE_FAMILY = "1,2";
			};
			name = Release;
		};
/* End XCBuildConfiguration section */

/* Begin XCConfigurationList section */
		3E4A689D282F3BD300702838 /* Build configuration list for PBXProject "NetworkingDemo" */ = {
			isa = XCConfigurationList;
			buildConfigurations = (
				3E4A68B4282F3BD400702838 /* Debug */,
				3E4A68B5282F3BD400702838 /* Release */,
			);
			defaultConfigurationIsVisible = 0;
			defaultConfigurationName = Release;
		};
		3E4A68B6282F3BD400702838 /* Build configuration list for PBXNativeTarget "NetworkingDemo" */ = {
			isa = XCConfigurationList;
			buildConfigurations = (
				3E4A68B7282F3BD400702838 /* Debug */,
				3E4A68B8282F3BD400702838 /* Release */,
			);
			defaultConfigurationIsVisible = 0;
			defaultConfigurationName = Release;
		};
/* End XCConfigurationList section */
	};
	rootObject = 3E4A689A282F3BD300702838 /* Project object */;
}
